// !$*UTF8*$!
{
	archiveVersion = 1;
	classes = {
	};
	objectVersion = 46;
	objects = {

/* Begin PBXBuildFile section */
		3952B2961D0C74ED00831D9A /* GithubManager.swift in Sources */ = {isa = PBXBuildFile; fileRef = 3952B2951D0C74ED00831D9A /* GithubManager.swift */; };
		3952B2981D0C80AE00831D9A /* GithubLoginViewController.swift in Sources */ = {isa = PBXBuildFile; fileRef = 3952B2971D0C80AE00831D9A /* GithubLoginViewController.swift */; };
		3952B29A1D0C93FF00831D9A /* NSURL+params.swift in Sources */ = {isa = PBXBuildFile; fileRef = 3952B2991D0C93FF00831D9A /* NSURL+params.swift */; };
		3952B29C1D0C983200831D9A /* GithubOAuthCred.swift in Sources */ = {isa = PBXBuildFile; fileRef = 3952B29B1D0C983200831D9A /* GithubOAuthCred.swift */; };
		3952B2A01D0D203E00831D9A /* keys.plist in Resources */ = {isa = PBXBuildFile; fileRef = 3952B29F1D0D203E00831D9A /* keys.plist */; };
		3973EE6A1D0BF7F80011C9E3 /* ProjectsManager.swift in Sources */ = {isa = PBXBuildFile; fileRef = 3973EE691D0BF7F80011C9E3 /* ProjectsManager.swift */; };
		3992BB291D0BE8A200850D12 /* AppDelegate.swift in Sources */ = {isa = PBXBuildFile; fileRef = 3992BB281D0BE8A200850D12 /* AppDelegate.swift */; };
		3992BB2B1D0BE8A200850D12 /* ProjectsTableViewController.swift in Sources */ = {isa = PBXBuildFile; fileRef = 3992BB2A1D0BE8A200850D12 /* ProjectsTableViewController.swift */; };
		3992BB2E1D0BE8A200850D12 /* Main.storyboard in Resources */ = {isa = PBXBuildFile; fileRef = 3992BB2C1D0BE8A200850D12 /* Main.storyboard */; };
		3992BB301D0BE8A200850D12 /* Assets.xcassets in Resources */ = {isa = PBXBuildFile; fileRef = 3992BB2F1D0BE8A200850D12 /* Assets.xcassets */; };
		3992BB331D0BE8A200850D12 /* LaunchScreen.storyboard in Resources */ = {isa = PBXBuildFile; fileRef = 3992BB311D0BE8A200850D12 /* LaunchScreen.storyboard */; };
		39A4B78C1D23969B002D7784 /* NSURLParamsTests.swift in Sources */ = {isa = PBXBuildFile; fileRef = 396A1E211D2327C60013D062 /* NSURLParamsTests.swift */; };
		39A4B78D1D23969B002D7784 /* StringAttributesTests.swift in Sources */ = {isa = PBXBuildFile; fileRef = 396A1E2A1D232B2A0013D062 /* StringAttributesTests.swift */; };
		39CB239A1D0E6E620058E62B /* CodeEditorViewController.swift in Sources */ = {isa = PBXBuildFile; fileRef = 39CB23991D0E6E620058E62B /* CodeEditorViewController.swift */; };
		39E77DBC1D0BED2D005090A1 /* Enums.swift in Sources */ = {isa = PBXBuildFile; fileRef = 39E77DB21D0BED2D005090A1 /* Enums.swift */; };
		39E77DBD1D0BED2D005090A1 /* Helper.swift in Sources */ = {isa = PBXBuildFile; fileRef = 39E77DB31D0BED2D005090A1 /* Helper.swift */; };
		39E77DBE1D0BED2D005090A1 /* SXClient.swift in Sources */ = {isa = PBXBuildFile; fileRef = 39E77DB41D0BED2D005090A1 /* SXClient.swift */; };
		39E77DBF1D0BED2D005090A1 /* SXObject.swift in Sources */ = {isa = PBXBuildFile; fileRef = 39E77DB51D0BED2D005090A1 /* SXObject.swift */; };
		39E77DC01D0BED2D005090A1 /* SXQueue.swift in Sources */ = {isa = PBXBuildFile; fileRef = 39E77DB61D0BED2D005090A1 /* SXQueue.swift */; };
		39E77DC11D0BED2D005090A1 /* SXRuntime.swift in Sources */ = {isa = PBXBuildFile; fileRef = 39E77DB71D0BED2D005090A1 /* SXRuntime.swift */; };
		39E77DC21D0BED2D005090A1 /* SXServer.swift in Sources */ = {isa = PBXBuildFile; fileRef = 39E77DB81D0BED2D005090A1 /* SXServer.swift */; };
		39E77DC31D0BED2D005090A1 /* SXSockaddr.swift in Sources */ = {isa = PBXBuildFile; fileRef = 39E77DB91D0BED2D005090A1 /* SXSockaddr.swift */; };
		39E77DC41D0BED2D005090A1 /* SXSocket.swift in Sources */ = {isa = PBXBuildFile; fileRef = 39E77DBA1D0BED2D005090A1 /* SXSocket.swift */; };
		39E77DC51D0BED2D005090A1 /* SXTypeProto.swift in Sources */ = {isa = PBXBuildFile; fileRef = 39E77DBB1D0BED2D005090A1 /* SXTypeProto.swift */; };
		CE48F9B31D16D4940098A13E /* ChangeTracker.swift in Sources */ = {isa = PBXBuildFile; fileRef = CE48F9B21D16D4940098A13E /* ChangeTracker.swift */; };
		CE7FE3EF1D0E3A2300106BB5 /* YSTableViewController.swift in Sources */ = {isa = PBXBuildFile; fileRef = CE7FE3ED1D0E3A2300106BB5 /* YSTableViewController.swift */; };
		CE7FE3F01D0E3A2300106BB5 /* YSTableViewControllerDelegate.swift in Sources */ = {isa = PBXBuildFile; fileRef = CE7FE3EE1D0E3A2300106BB5 /* YSTableViewControllerDelegate.swift */; };
/* End PBXBuildFile section */

/* Begin PBXContainerItemProxy section */
		39A4B7871D239639002D7784 /* PBXContainerItemProxy */ = {
			isa = PBXContainerItemProxy;
			containerPortal = 3992BB1D1D0BE8A200850D12 /* Project object */;
			proxyType = 1;
			remoteGlobalIDString = 3992BB241D0BE8A200850D12;
			remoteInfo = hypers;
		};
/* End PBXContainerItemProxy section */

/* Begin PBXFileReference section */
		3952B2951D0C74ED00831D9A /* GithubManager.swift */ = {isa = PBXFileReference; fileEncoding = 4; lastKnownFileType = sourcecode.swift; path = GithubManager.swift; sourceTree = "<group>"; };
		3952B2971D0C80AE00831D9A /* GithubLoginViewController.swift */ = {isa = PBXFileReference; fileEncoding = 4; lastKnownFileType = sourcecode.swift; path = GithubLoginViewController.swift; sourceTree = "<group>"; };
		3952B2991D0C93FF00831D9A /* NSURL+params.swift */ = {isa = PBXFileReference; fileEncoding = 4; lastKnownFileType = sourcecode.swift; path = "NSURL+params.swift"; sourceTree = "<group>"; };
		3952B29B1D0C983200831D9A /* GithubOAuthCred.swift */ = {isa = PBXFileReference; fileEncoding = 4; lastKnownFileType = sourcecode.swift; path = GithubOAuthCred.swift; sourceTree = "<group>"; };
		3952B29F1D0D203E00831D9A /* keys.plist */ = {isa = PBXFileReference; fileEncoding = 4; lastKnownFileType = text.plist.xml; path = keys.plist; sourceTree = "<group>"; };
		396A1E211D2327C60013D062 /* NSURLParamsTests.swift */ = {isa = PBXFileReference; lastKnownFileType = sourcecode.swift; path = NSURLParamsTests.swift; sourceTree = "<group>"; };
		396A1E2A1D232B2A0013D062 /* StringAttributesTests.swift */ = {isa = PBXFileReference; fileEncoding = 4; lastKnownFileType = sourcecode.swift; path = StringAttributesTests.swift; sourceTree = "<group>"; };
		3973EE691D0BF7F80011C9E3 /* ProjectsManager.swift */ = {isa = PBXFileReference; fileEncoding = 4; lastKnownFileType = sourcecode.swift; path = ProjectsManager.swift; sourceTree = "<group>"; };
		3992BB251D0BE8A200850D12 /* hypers.app */ = {isa = PBXFileReference; explicitFileType = wrapper.application; includeInIndex = 0; path = hypers.app; sourceTree = BUILT_PRODUCTS_DIR; };
		3992BB281D0BE8A200850D12 /* AppDelegate.swift */ = {isa = PBXFileReference; lastKnownFileType = sourcecode.swift; path = AppDelegate.swift; sourceTree = "<group>"; };
		3992BB2A1D0BE8A200850D12 /* ProjectsTableViewController.swift */ = {isa = PBXFileReference; lastKnownFileType = sourcecode.swift; path = ProjectsTableViewController.swift; sourceTree = "<group>"; };
		3992BB2D1D0BE8A200850D12 /* Base */ = {isa = PBXFileReference; lastKnownFileType = file.storyboard; name = Base; path = Base.lproj/Main.storyboard; sourceTree = "<group>"; };
		3992BB2F1D0BE8A200850D12 /* Assets.xcassets */ = {isa = PBXFileReference; lastKnownFileType = folder.assetcatalog; path = Assets.xcassets; sourceTree = "<group>"; };
		3992BB321D0BE8A200850D12 /* Base */ = {isa = PBXFileReference; lastKnownFileType = file.storyboard; name = Base; path = Base.lproj/LaunchScreen.storyboard; sourceTree = "<group>"; };
		3992BB341D0BE8A200850D12 /* Info.plist */ = {isa = PBXFileReference; lastKnownFileType = text.plist.xml; path = Info.plist; sourceTree = "<group>"; };
		39A4B7821D239639002D7784 /* hypersTests.xctest */ = {isa = PBXFileReference; explicitFileType = wrapper.cfbundle; includeInIndex = 0; path = hypersTests.xctest; sourceTree = BUILT_PRODUCTS_DIR; };
		39A4B7861D239639002D7784 /* Info.plist */ = {isa = PBXFileReference; lastKnownFileType = text.plist.xml; path = Info.plist; sourceTree = "<group>"; };
		39CB23991D0E6E620058E62B /* CodeEditorViewController.swift */ = {isa = PBXFileReference; fileEncoding = 4; lastKnownFileType = sourcecode.swift; path = CodeEditorViewController.swift; sourceTree = "<group>"; };
		39E77DB21D0BED2D005090A1 /* Enums.swift */ = {isa = PBXFileReference; fileEncoding = 4; lastKnownFileType = sourcecode.swift; path = Enums.swift; sourceTree = "<group>"; };
		39E77DB31D0BED2D005090A1 /* Helper.swift */ = {isa = PBXFileReference; fileEncoding = 4; lastKnownFileType = sourcecode.swift; path = Helper.swift; sourceTree = "<group>"; };
		39E77DB41D0BED2D005090A1 /* SXClient.swift */ = {isa = PBXFileReference; fileEncoding = 4; lastKnownFileType = sourcecode.swift; path = SXClient.swift; sourceTree = "<group>"; };
		39E77DB51D0BED2D005090A1 /* SXObject.swift */ = {isa = PBXFileReference; fileEncoding = 4; lastKnownFileType = sourcecode.swift; path = SXObject.swift; sourceTree = "<group>"; };
		39E77DB61D0BED2D005090A1 /* SXQueue.swift */ = {isa = PBXFileReference; fileEncoding = 4; lastKnownFileType = sourcecode.swift; path = SXQueue.swift; sourceTree = "<group>"; };
		39E77DB71D0BED2D005090A1 /* SXRuntime.swift */ = {isa = PBXFileReference; fileEncoding = 4; lastKnownFileType = sourcecode.swift; path = SXRuntime.swift; sourceTree = "<group>"; };
		39E77DB81D0BED2D005090A1 /* SXServer.swift */ = {isa = PBXFileReference; fileEncoding = 4; lastKnownFileType = sourcecode.swift; path = SXServer.swift; sourceTree = "<group>"; };
		39E77DB91D0BED2D005090A1 /* SXSockaddr.swift */ = {isa = PBXFileReference; fileEncoding = 4; lastKnownFileType = sourcecode.swift; path = SXSockaddr.swift; sourceTree = "<group>"; };
		39E77DBA1D0BED2D005090A1 /* SXSocket.swift */ = {isa = PBXFileReference; fileEncoding = 4; lastKnownFileType = sourcecode.swift; path = SXSocket.swift; sourceTree = "<group>"; };
		39E77DBB1D0BED2D005090A1 /* SXTypeProto.swift */ = {isa = PBXFileReference; fileEncoding = 4; lastKnownFileType = sourcecode.swift; path = SXTypeProto.swift; sourceTree = "<group>"; };
		CE48F9B21D16D4940098A13E /* ChangeTracker.swift */ = {isa = PBXFileReference; fileEncoding = 4; lastKnownFileType = sourcecode.swift; path = ChangeTracker.swift; sourceTree = "<group>"; };
		CE7FE3ED1D0E3A2300106BB5 /* YSTableViewController.swift */ = {isa = PBXFileReference; fileEncoding = 4; lastKnownFileType = sourcecode.swift; name = YSTableViewController.swift; path = libs/YSTableViewController/YSTableViewController.swift; sourceTree = "<group>"; };
		CE7FE3EE1D0E3A2300106BB5 /* YSTableViewControllerDelegate.swift */ = {isa = PBXFileReference; fileEncoding = 4; lastKnownFileType = sourcecode.swift; name = YSTableViewControllerDelegate.swift; path = libs/YSTableViewController/YSTableViewControllerDelegate.swift; sourceTree = "<group>"; };
/* End PBXFileReference section */

/* Begin PBXFrameworksBuildPhase section */
		3992BB221D0BE8A200850D12 /* Frameworks */ = {
			isa = PBXFrameworksBuildPhase;
			buildActionMask = 2147483647;
			files = (
			);
			runOnlyForDeploymentPostprocessing = 0;
		};
		39A4B77F1D239639002D7784 /* Frameworks */ = {
			isa = PBXFrameworksBuildPhase;
			buildActionMask = 2147483647;
			files = (
			);
			runOnlyForDeploymentPostprocessing = 0;
		};
/* End PBXFrameworksBuildPhase section */

/* Begin PBXGroup section */
		3992BB1C1D0BE8A200850D12 = {
			isa = PBXGroup;
			children = (
				3992BB271D0BE8A200850D12 /* hypers */,
				39A4B7831D239639002D7784 /* hypersTests */,
				3992BB261D0BE8A200850D12 /* Products */,
			);
			sourceTree = "<group>";
		};
		3992BB261D0BE8A200850D12 /* Products */ = {
			isa = PBXGroup;
			children = (
				3992BB251D0BE8A200850D12 /* hypers.app */,
				39A4B7821D239639002D7784 /* hypersTests.xctest */,
			);
			name = Products;
			sourceTree = "<group>";
		};
		3992BB271D0BE8A200850D12 /* hypers */ = {
			isa = PBXGroup;
			children = (
				CE48F9B21D16D4940098A13E /* ChangeTracker.swift */,
				3992BB4F1D0BE91700850D12 /* libs */,
				3992BB281D0BE8A200850D12 /* AppDelegate.swift */,
				3952B2971D0C80AE00831D9A /* GithubLoginViewController.swift */,
				3952B29B1D0C983200831D9A /* GithubOAuthCred.swift */,
				3952B2951D0C74ED00831D9A /* GithubManager.swift */,
				3992BB2A1D0BE8A200850D12 /* ProjectsTableViewController.swift */,
				3973EE691D0BF7F80011C9E3 /* ProjectsManager.swift */,
				3992BB2C1D0BE8A200850D12 /* Main.storyboard */,
				39CB23991D0E6E620058E62B /* CodeEditorViewController.swift */,
				3952B2991D0C93FF00831D9A /* NSURL+params.swift */,
				3992BB2F1D0BE8A200850D12 /* Assets.xcassets */,
				3992BB311D0BE8A200850D12 /* LaunchScreen.storyboard */,
				3992BB341D0BE8A200850D12 /* Info.plist */,
				3952B29F1D0D203E00831D9A /* keys.plist */,
			);
			path = hypers;
			sourceTree = "<group>";
		};
		3992BB4E1D0BE90D00850D12 /* SpartanX */ = {
			isa = PBXGroup;
			children = (
				39E77DB21D0BED2D005090A1 /* Enums.swift */,
				39E77DB31D0BED2D005090A1 /* Helper.swift */,
				39E77DB41D0BED2D005090A1 /* SXClient.swift */,
				39E77DB51D0BED2D005090A1 /* SXObject.swift */,
				39E77DB61D0BED2D005090A1 /* SXQueue.swift */,
				39E77DB71D0BED2D005090A1 /* SXRuntime.swift */,
				39E77DB81D0BED2D005090A1 /* SXServer.swift */,
				39E77DB91D0BED2D005090A1 /* SXSockaddr.swift */,
				39E77DBA1D0BED2D005090A1 /* SXSocket.swift */,
				39E77DBB1D0BED2D005090A1 /* SXTypeProto.swift */,
			);
			name = SpartanX;
			path = libs/spartanx/Swift/spartanX;
			sourceTree = "<group>";
		};
		3992BB4F1D0BE91700850D12 /* libs */ = {
			isa = PBXGroup;
			children = (
				CE7FE3EC1D0E3A1700106BB5 /* YSTableView */,
				3992BB4E1D0BE90D00850D12 /* SpartanX */,
			);
			name = libs;
			sourceTree = "<group>";
		};
		39A4B7831D239639002D7784 /* hypersTests */ = {
			isa = PBXGroup;
			children = (
				396A1E211D2327C60013D062 /* NSURLParamsTests.swift */,
				396A1E2A1D232B2A0013D062 /* StringAttributesTests.swift */,
				39A4B7861D239639002D7784 /* Info.plist */,
			);
			path = hypersTests;
			sourceTree = "<group>";
		};
		CE7FE3EC1D0E3A1700106BB5 /* YSTableView */ = {
			isa = PBXGroup;
			children = (
				CE7FE3ED1D0E3A2300106BB5 /* YSTableViewController.swift */,
				CE7FE3EE1D0E3A2300106BB5 /* YSTableViewControllerDelegate.swift */,
			);
			name = YSTableView;
			sourceTree = "<group>";
		};
/* End PBXGroup section */

/* Begin PBXNativeTarget section */
		3992BB241D0BE8A200850D12 /* hypers */ = {
			isa = PBXNativeTarget;
			buildConfigurationList = 3992BB371D0BE8A200850D12 /* Build configuration list for PBXNativeTarget "hypers" */;
			buildPhases = (
				3992BB211D0BE8A200850D12 /* Sources */,
				3992BB221D0BE8A200850D12 /* Frameworks */,
				3992BB231D0BE8A200850D12 /* Resources */,
			);
			buildRules = (
			);
			dependencies = (
			);
			name = hypers;
			productName = hypers;
			productReference = 3992BB251D0BE8A200850D12 /* hypers.app */;
			productType = "com.apple.product-type.application";
		};
		39A4B7811D239639002D7784 /* hypersTests */ = {
			isa = PBXNativeTarget;
			buildConfigurationList = 39A4B7891D239639002D7784 /* Build configuration list for PBXNativeTarget "hypersTests" */;
			buildPhases = (
				39A4B77E1D239639002D7784 /* Sources */,
				39A4B77F1D239639002D7784 /* Frameworks */,
				39A4B7801D239639002D7784 /* Resources */,
			);
			buildRules = (
			);
			dependencies = (
				39A4B7881D239639002D7784 /* PBXTargetDependency */,
			);
			name = hypersTests;
			productName = hypersTests;
			productReference = 39A4B7821D239639002D7784 /* hypersTests.xctest */;
			productType = "com.apple.product-type.bundle.unit-test";
		};
/* End PBXNativeTarget section */

/* Begin PBXProject section */
		3992BB1D1D0BE8A200850D12 /* Project object */ = {
			isa = PBXProject;
			attributes = {
				LastSwiftUpdateCheck = 0730;
				LastUpgradeCheck = 0730;
				ORGANIZATIONNAME = hypers;
				TargetAttributes = {
					3992BB241D0BE8A200850D12 = {
						CreatedOnToolsVersion = 7.3.1;
						DevelopmentTeam = HXY2V2SCJW;
					};
					39A4B7811D239639002D7784 = {
						CreatedOnToolsVersion = 7.3.1;
						DevelopmentTeam = HXY2V2SCJW;
						TestTargetID = 3992BB241D0BE8A200850D12;
					};
				};
			};
			buildConfigurationList = 3992BB201D0BE8A200850D12 /* Build configuration list for PBXProject "hypers" */;
			compatibilityVersion = "Xcode 3.2";
			developmentRegion = English;
			hasScannedForEncodings = 0;
			knownRegions = (
				en,
				Base,
			);
			mainGroup = 3992BB1C1D0BE8A200850D12;
			productRefGroup = 3992BB261D0BE8A200850D12 /* Products */;
			projectDirPath = "";
			projectRoot = "";
			targets = (
				3992BB241D0BE8A200850D12 /* hypers */,
				39A4B7811D239639002D7784 /* hypersTests */,
			);
		};
/* End PBXProject section */

/* Begin PBXResourcesBuildPhase section */
		3992BB231D0BE8A200850D12 /* Resources */ = {
			isa = PBXResourcesBuildPhase;
			buildActionMask = 2147483647;
			files = (
				3952B2A01D0D203E00831D9A /* keys.plist in Resources */,
				3992BB331D0BE8A200850D12 /* LaunchScreen.storyboard in Resources */,
				3992BB301D0BE8A200850D12 /* Assets.xcassets in Resources */,
				3992BB2E1D0BE8A200850D12 /* Main.storyboard in Resources */,
			);
			runOnlyForDeploymentPostprocessing = 0;
		};
		39A4B7801D239639002D7784 /* Resources */ = {
			isa = PBXResourcesBuildPhase;
			buildActionMask = 2147483647;
			files = (
			);
			runOnlyForDeploymentPostprocessing = 0;
		};
/* End PBXResourcesBuildPhase section */

/* Begin PBXSourcesBuildPhase section */
		3992BB211D0BE8A200850D12 /* Sources */ = {
			isa = PBXSourcesBuildPhase;
			buildActionMask = 2147483647;
			files = (
				CE48F9B31D16D4940098A13E /* ChangeTracker.swift in Sources */,
				3952B29A1D0C93FF00831D9A /* NSURL+params.swift in Sources */,
				3952B2961D0C74ED00831D9A /* GithubManager.swift in Sources */,
				3992BB2B1D0BE8A200850D12 /* ProjectsTableViewController.swift in Sources */,
				39E77DC51D0BED2D005090A1 /* SXTypeProto.swift in Sources */,
				3952B2981D0C80AE00831D9A /* GithubLoginViewController.swift in Sources */,
				39E77DC21D0BED2D005090A1 /* SXServer.swift in Sources */,
				39CB239A1D0E6E620058E62B /* CodeEditorViewController.swift in Sources */,
				39E77DC11D0BED2D005090A1 /* SXRuntime.swift in Sources */,
				3973EE6A1D0BF7F80011C9E3 /* ProjectsManager.swift in Sources */,
				39E77DC31D0BED2D005090A1 /* SXSockaddr.swift in Sources */,
				CE7FE3F01D0E3A2300106BB5 /* YSTableViewControllerDelegate.swift in Sources */,
				39E77DC41D0BED2D005090A1 /* SXSocket.swift in Sources */,
				39E77DBC1D0BED2D005090A1 /* Enums.swift in Sources */,
				39E77DBE1D0BED2D005090A1 /* SXClient.swift in Sources */,
				3992BB291D0BE8A200850D12 /* AppDelegate.swift in Sources */,
				39E77DBD1D0BED2D005090A1 /* Helper.swift in Sources */,
				3952B29C1D0C983200831D9A /* GithubOAuthCred.swift in Sources */,
				39E77DC01D0BED2D005090A1 /* SXQueue.swift in Sources */,
				39E77DBF1D0BED2D005090A1 /* SXObject.swift in Sources */,
				CE7FE3EF1D0E3A2300106BB5 /* YSTableViewController.swift in Sources */,
			);
			runOnlyForDeploymentPostprocessing = 0;
		};
		39A4B77E1D239639002D7784 /* Sources */ = {
			isa = PBXSourcesBuildPhase;
			buildActionMask = 2147483647;
			files = (
				39A4B78C1D23969B002D7784 /* NSURLParamsTests.swift in Sources */,
				39A4B78D1D23969B002D7784 /* StringAttributesTests.swift in Sources */,
			);
			runOnlyForDeploymentPostprocessing = 0;
		};
/* End PBXSourcesBuildPhase section */

/* Begin PBXTargetDependency section */
		39A4B7881D239639002D7784 /* PBXTargetDependency */ = {
			isa = PBXTargetDependency;
			target = 3992BB241D0BE8A200850D12 /* hypers */;
			targetProxy = 39A4B7871D239639002D7784 /* PBXContainerItemProxy */;
		};
/* End PBXTargetDependency section */

/* Begin PBXVariantGroup section */
		3992BB2C1D0BE8A200850D12 /* Main.storyboard */ = {
			isa = PBXVariantGroup;
			children = (
				3992BB2D1D0BE8A200850D12 /* Base */,
			);
			name = Main.storyboard;
			sourceTree = "<group>";
		};
		3992BB311D0BE8A200850D12 /* LaunchScreen.storyboard */ = {
			isa = PBXVariantGroup;
			children = (
				3992BB321D0BE8A200850D12 /* Base */,
			);
			name = LaunchScreen.storyboard;
			sourceTree = "<group>";
		};
/* End PBXVariantGroup section */

/* Begin XCBuildConfiguration section */
		3992BB351D0BE8A200850D12 /* Debug */ = {
			isa = XCBuildConfiguration;
			buildSettings = {
				ALWAYS_SEARCH_USER_PATHS = NO;
				CLANG_ANALYZER_NONNULL = YES;
				CLANG_CXX_LANGUAGE_STANDARD = "gnu++0x";
				CLANG_CXX_LIBRARY = "libc++";
				CLANG_ENABLE_MODULES = YES;
				CLANG_ENABLE_OBJC_ARC = YES;
				CLANG_WARN_BOOL_CONVERSION = YES;
				CLANG_WARN_CONSTANT_CONVERSION = YES;
				CLANG_WARN_DIRECT_OBJC_ISA_USAGE = YES_ERROR;
				CLANG_WARN_EMPTY_BODY = YES;
				CLANG_WARN_ENUM_CONVERSION = YES;
				CLANG_WARN_INT_CONVERSION = YES;
				CLANG_WARN_OBJC_ROOT_CLASS = YES_ERROR;
				CLANG_WARN_UNREACHABLE_CODE = YES;
				CLANG_WARN__DUPLICATE_METHOD_MATCH = YES;
				"CODE_SIGN_IDENTITY[sdk=iphoneos*]" = "iPhone Developer";
				COPY_PHASE_STRIP = NO;
				DEBUG_INFORMATION_FORMAT = dwarf;
				ENABLE_STRICT_OBJC_MSGSEND = YES;
				ENABLE_TESTABILITY = YES;
				GCC_C_LANGUAGE_STANDARD = gnu99;
				GCC_DYNAMIC_NO_PIC = NO;
				GCC_NO_COMMON_BLOCKS = YES;
				GCC_OPTIMIZATION_LEVEL = 0;
				GCC_PREPROCESSOR_DEFINITIONS = (
					"DEBUG=1",
					"$(inherited)",
				);
				GCC_WARN_64_TO_32_BIT_CONVERSION = YES;
				GCC_WARN_ABOUT_RETURN_TYPE = YES_ERROR;
				GCC_WARN_UNDECLARED_SELECTOR = YES;
				GCC_WARN_UNINITIALIZED_AUTOS = YES_AGGRESSIVE;
				GCC_WARN_UNUSED_FUNCTION = YES;
				GCC_WARN_UNUSED_VARIABLE = YES;
				IPHONEOS_DEPLOYMENT_TARGET = 9.3;
				MTL_ENABLE_DEBUG_INFO = YES;
				ONLY_ACTIVE_ARCH = YES;
				SDKROOT = iphoneos;
				SWIFT_OPTIMIZATION_LEVEL = "-Onone";
			};
			name = Debug;
		};
		3992BB361D0BE8A200850D12 /* Release */ = {
			isa = XCBuildConfiguration;
			buildSettings = {
				ALWAYS_SEARCH_USER_PATHS = NO;
				CLANG_ANALYZER_NONNULL = YES;
				CLANG_CXX_LANGUAGE_STANDARD = "gnu++0x";
				CLANG_CXX_LIBRARY = "libc++";
				CLANG_ENABLE_MODULES = YES;
				CLANG_ENABLE_OBJC_ARC = YES;
				CLANG_WARN_BOOL_CONVERSION = YES;
				CLANG_WARN_CONSTANT_CONVERSION = YES;
				CLANG_WARN_DIRECT_OBJC_ISA_USAGE = YES_ERROR;
				CLANG_WARN_EMPTY_BODY = YES;
				CLANG_WARN_ENUM_CONVERSION = YES;
				CLANG_WARN_INT_CONVERSION = YES;
				CLANG_WARN_OBJC_ROOT_CLASS = YES_ERROR;
				CLANG_WARN_UNREACHABLE_CODE = YES;
				CLANG_WARN__DUPLICATE_METHOD_MATCH = YES;
				"CODE_SIGN_IDENTITY[sdk=iphoneos*]" = "iPhone Developer";
				COPY_PHASE_STRIP = NO;
				DEBUG_INFORMATION_FORMAT = "dwarf-with-dsym";
				ENABLE_NS_ASSERTIONS = NO;
				ENABLE_STRICT_OBJC_MSGSEND = YES;
				GCC_C_LANGUAGE_STANDARD = gnu99;
				GCC_NO_COMMON_BLOCKS = YES;
				GCC_WARN_64_TO_32_BIT_CONVERSION = YES;
				GCC_WARN_ABOUT_RETURN_TYPE = YES_ERROR;
				GCC_WARN_UNDECLARED_SELECTOR = YES;
				GCC_WARN_UNINITIALIZED_AUTOS = YES_AGGRESSIVE;
				GCC_WARN_UNUSED_FUNCTION = YES;
				GCC_WARN_UNUSED_VARIABLE = YES;
				IPHONEOS_DEPLOYMENT_TARGET = 9.3;
				MTL_ENABLE_DEBUG_INFO = NO;
				SDKROOT = iphoneos;
				VALIDATE_PRODUCT = YES;
			};
			name = Release;
		};
		3992BB381D0BE8A200850D12 /* Debug */ = {
			isa = XCBuildConfiguration;
			buildSettings = {
				ASSETCATALOG_COMPILER_APPICON_NAME = AppIcon;
				CODE_SIGN_IDENTITY = "iPhone Developer";
				"CODE_SIGN_IDENTITY[sdk=iphoneos*]" = "iPhone Developer";
				INFOPLIST_FILE = hypers/Info.plist;
				LD_RUNPATH_SEARCH_PATHS = "$(inherited) @executable_path/Frameworks";
				PRODUCT_BUNDLE_IDENTIFIER = com.rrdev.hypers;
				PRODUCT_NAME = "$(TARGET_NAME)";
				PROVISIONING_PROFILE = "";
				TARGETED_DEVICE_FAMILY = "1,2";
			};
			name = Debug;
		};
		3992BB391D0BE8A200850D12 /* Release */ = {
			isa = XCBuildConfiguration;
			buildSettings = {
				ASSETCATALOG_COMPILER_APPICON_NAME = AppIcon;
				CODE_SIGN_IDENTITY = "iPhone Developer";
				"CODE_SIGN_IDENTITY[sdk=iphoneos*]" = "iPhone Developer";
				INFOPLIST_FILE = hypers/Info.plist;
				LD_RUNPATH_SEARCH_PATHS = "$(inherited) @executable_path/Frameworks";
				PRODUCT_BUNDLE_IDENTIFIER = com.rrdev.hypers;
				PRODUCT_NAME = "$(TARGET_NAME)";
				PROVISIONING_PROFILE = "";
				TARGETED_DEVICE_FAMILY = "1,2";
			};
			name = Release;
		};
		39A4B78A1D239639002D7784 /* Debug */ = {
			isa = XCBuildConfiguration;
			buildSettings = {
				BUNDLE_LOADER = "$(TEST_HOST)";
				INFOPLIST_FILE = hypersTests/Info.plist;
				LD_RUNPATH_SEARCH_PATHS = "$(inherited) @executable_path/Frameworks @loader_path/Frameworks";
				PRODUCT_BUNDLE_IDENTIFIER = com.rrdev.hypersTests;
				PRODUCT_NAME = "$(TARGET_NAME)";
				TEST_HOST = "$(BUILT_PRODUCTS_DIR)/hypers.app/hypers";
			};
			name = Debug;
		};
		39A4B78B1D239639002D7784 /* Release */ = {
			isa = XCBuildConfiguration;
			buildSettings = {
				BUNDLE_LOADER = "$(TEST_HOST)";
				INFOPLIST_FILE = hypersTests/Info.plist;
				LD_RUNPATH_SEARCH_PATHS = "$(inherited) @executable_path/Frameworks @loader_path/Frameworks";
				PRODUCT_BUNDLE_IDENTIFIER = com.rrdev.hypersTests;
				PRODUCT_NAME = "$(TARGET_NAME)";
				TEST_HOST = "$(BUILT_PRODUCTS_DIR)/hypers.app/hypers";
			};
			name = Release;
		};
/* End XCBuildConfiguration section */

/* Begin XCConfigurationList section */
		3992BB201D0BE8A200850D12 /* Build configuration list for PBXProject "hypers" */ = {
			isa = XCConfigurationList;
			buildConfigurations = (
				3992BB351D0BE8A200850D12 /* Debug */,
				3992BB361D0BE8A200850D12 /* Release */,
			);
			defaultConfigurationIsVisible = 0;
			defaultConfigurationName = Release;
		};
		3992BB371D0BE8A200850D12 /* Build configuration list for PBXNativeTarget "hypers" */ = {
			isa = XCConfigurationList;
			buildConfigurations = (
				3992BB381D0BE8A200850D12 /* Debug */,
				3992BB391D0BE8A200850D12 /* Release */,
			);
			defaultConfigurationIsVisible = 0;
			defaultConfigurationName = Release;
		};
		39A4B7891D239639002D7784 /* Build configuration list for PBXNativeTarget "hypersTests" */ = {
			isa = XCConfigurationList;
			buildConfigurations = (
				39A4B78A1D239639002D7784 /* Debug */,
				39A4B78B1D239639002D7784 /* Release */,
			);
			defaultConfigurationIsVisible = 0;
		};
/* End XCConfigurationList section */
	};
	rootObject = 3992BB1D1D0BE8A200850D12 /* Project object */;
}
